
Microsoft Visual Studio Solution File, Format Version 12.00
# Visual Studio Version 17
VisualStudioVersion = 17.3.32929.385
MinimumVisualStudioVersion = 10.0.40219.1
Project("{FAE04EC0-301F-11D3-BF4B-00C04F79EFBC}") = "lab6den", "lab6den\lab6den.csproj", "{F434A8D6-7708-43F9-9651-453D28ECA9E7}"
EndProject
Global
	GlobalSection(SolutionConfigurationPlatforms) = preSolution
		Debug|Any CPU = Debug|Any CPU
		Release|Any CPU = Release|Any CPU
	EndGlobalSection
	GlobalSection(ProjectConfigurationPlatforms) = postSolution
		{F434A8D6-7708-43F9-9651-453D28ECA9E7}.Debug|Any CPU.ActiveCfg = Debug|Any CPU
		{F434A8D6-7708-43F9-9651-453D28ECA9E7}.Debug|Any CPU.Build.0 = Debug|Any CPU
		{F434A8D6-7708-43F9-9651-453D28ECA9E7}.Release|Any CPU.ActiveCfg = Release|Any CPU
		{F434A8D6-7708-43F9-9651-453D28ECA9E7}.Release|Any CPU.Build.0 = Release|Any CPU
	EndGlobalSection
	GlobalSection(SolutionProperties) = preSolution
		HideSolutionNode = FALSE
	EndGlobalSection
	GlobalSection(ExtensibilityGlobals) = postSolution
		SolutionGuid = {4B8AC406-1DDA-44EB-B93C-7BEC4926C9FA}
	EndGlobalSection
EndGlobal
